
Microsoft Visual Studio Solution File, Format Version 12.00
# Visual Studio Version 17
VisualStudioVersion = 17.1.32210.238
MinimumVisualStudioVersion = 10.0.40219.1
Project("{FAE04EC0-301F-11D3-BF4B-00C04F79EFBC}") = "MVC", "MVC\MVC.csproj", "{14E9A00E-1A6D-46F5-98BF-4D1DC82A0C86}"
EndProject
Project("{FAE04EC0-301F-11D3-BF4B-00C04F79EFBC}") = "Data", "Data\Data.csproj", "{3A400ACD-276D-4C0E-9CCD-A58F8FD93BFE}"
EndProject
Global
	GlobalSection(SolutionConfigurationPlatforms) = preSolution
		Debug|Any CPU = Debug|Any CPU
		Release|Any CPU = Release|Any CPU
	EndGlobalSection
	GlobalSection(ProjectConfigurationPlatforms) = postSolution
		{14E9A00E-1A6D-46F5-98BF-4D1DC82A0C86}.Debug|Any CPU.ActiveCfg = Debug|Any CPU
		{14E9A00E-1A6D-46F5-98BF-4D1DC82A0C86}.Debug|Any CPU.Build.0 = Debug|Any CPU
		{14E9A00E-1A6D-46F5-98BF-4D1DC82A0C86}.Release|Any CPU.ActiveCfg = Release|Any CPU
		{14E9A00E-1A6D-46F5-98BF-4D1DC82A0C86}.Release|Any CPU.Build.0 = Release|Any CPU
		{3A400ACD-276D-4C0E-9CCD-A58F8FD93BFE}.Debug|Any CPU.ActiveCfg = Debug|Any CPU
		{3A400ACD-276D-4C0E-9CCD-A58F8FD93BFE}.Debug|Any CPU.Build.0 = Debug|Any CPU
		{3A400ACD-276D-4C0E-9CCD-A58F8FD93BFE}.Release|Any CPU.ActiveCfg = Release|Any CPU
		{3A400ACD-276D-4C0E-9CCD-A58F8FD93BFE}.Release|Any CPU.Build.0 = Release|Any CPU
	EndGlobalSection
	GlobalSection(SolutionProperties) = preSolution
		HideSolutionNode = FALSE
	EndGlobalSection
	GlobalSection(ExtensibilityGlobals) = postSolution
		SolutionGuid = {28EF63D2-FBA4-425B-9973-D6179BF9E23E}
	EndGlobalSection
EndGlobal
