
Microsoft Visual Studio Solution File, Format Version 12.00
# Visual Studio Version 16
VisualStudioVersion = 16.0.31624.102
MinimumVisualStudioVersion = 10.0.40219.1
Project("{9A19103F-16F7-4668-BE54-9A1E7A4F7556}") = "UnitTests", "UnitTests\UnitTests.csproj", "{09C6F9CD-BC9B-4CB8-9491-834A0AF2A27F}"
EndProject
Project("{FAE04EC0-301F-11D3-BF4B-00C04F79EFBC}") = "FileSystemVisitorWinForms", "FileSystemVisitorWinForms\FileSystemVisitorWinForms.csproj", "{9F0C3399-0061-43F0-B318-00F949EE6E5C}"
EndProject
Project("{FAE04EC0-301F-11D3-BF4B-00C04F79EFBC}") = "FileSystemVisitorLibrary", "FileSystemVisitorLibrary\FileSystemVisitorLibrary.csproj", "{9AEDFBAC-A9E7-4AAF-A7F0-708F96A982C3}"
EndProject
Global
	GlobalSection(SolutionConfigurationPlatforms) = preSolution
		Debug|Any CPU = Debug|Any CPU
		Release|Any CPU = Release|Any CPU
	EndGlobalSection
	GlobalSection(ProjectConfigurationPlatforms) = postSolution
		{09C6F9CD-BC9B-4CB8-9491-834A0AF2A27F}.Debug|Any CPU.ActiveCfg = Debug|Any CPU
		{09C6F9CD-BC9B-4CB8-9491-834A0AF2A27F}.Debug|Any CPU.Build.0 = Debug|Any CPU
		{09C6F9CD-BC9B-4CB8-9491-834A0AF2A27F}.Release|Any CPU.ActiveCfg = Release|Any CPU
		{09C6F9CD-BC9B-4CB8-9491-834A0AF2A27F}.Release|Any CPU.Build.0 = Release|Any CPU
		{9F0C3399-0061-43F0-B318-00F949EE6E5C}.Debug|Any CPU.ActiveCfg = Debug|Any CPU
		{9F0C3399-0061-43F0-B318-00F949EE6E5C}.Debug|Any CPU.Build.0 = Debug|Any CPU
		{9F0C3399-0061-43F0-B318-00F949EE6E5C}.Release|Any CPU.ActiveCfg = Release|Any CPU
		{9F0C3399-0061-43F0-B318-00F949EE6E5C}.Release|Any CPU.Build.0 = Release|Any CPU
		{9AEDFBAC-A9E7-4AAF-A7F0-708F96A982C3}.Debug|Any CPU.ActiveCfg = Debug|Any CPU
		{9AEDFBAC-A9E7-4AAF-A7F0-708F96A982C3}.Debug|Any CPU.Build.0 = Debug|Any CPU
		{9AEDFBAC-A9E7-4AAF-A7F0-708F96A982C3}.Release|Any CPU.ActiveCfg = Release|Any CPU
		{9AEDFBAC-A9E7-4AAF-A7F0-708F96A982C3}.Release|Any CPU.Build.0 = Release|Any CPU
	EndGlobalSection
	GlobalSection(SolutionProperties) = preSolution
		HideSolutionNode = FALSE
	EndGlobalSection
	GlobalSection(ExtensibilityGlobals) = postSolution
		SolutionGuid = {B36F0280-4076-4030-BA51-92BE589FE456}
	EndGlobalSection
EndGlobal
