
Microsoft Visual Studio Solution File, Format Version 12.00
# Visual Studio Version 17
VisualStudioVersion = 17.1.32210.238
MinimumVisualStudioVersion = 10.0.40219.1
Project("{9A19103F-16F7-4668-BE54-9A1E7A4F7556}") = "Library", "Library\Library.csproj", "{2427C79A-0CF9-4372-973E-44570F1F6F49}"
EndProject
Project("{00D1A9C2-B5F0-4AF3-8072-F6C62B433612}") = "DB", "..\ADO.NET\DB\DB.sqlproj", "{18D368D6-E0A3-43A4-8E0D-824C49C4E801}"
EndProject
Project("{9A19103F-16F7-4668-BE54-9A1E7A4F7556}") = "Tests", "Tests\Tests.csproj", "{03959FD5-F542-4AC1-B928-8449F6CA5C85}"
EndProject
Global
	GlobalSection(SolutionConfigurationPlatforms) = preSolution
		Debug|Any CPU = Debug|Any CPU
		Release|Any CPU = Release|Any CPU
	EndGlobalSection
	GlobalSection(ProjectConfigurationPlatforms) = postSolution
		{2427C79A-0CF9-4372-973E-44570F1F6F49}.Debug|Any CPU.ActiveCfg = Debug|Any CPU
		{2427C79A-0CF9-4372-973E-44570F1F6F49}.Debug|Any CPU.Build.0 = Debug|Any CPU
		{2427C79A-0CF9-4372-973E-44570F1F6F49}.Release|Any CPU.ActiveCfg = Release|Any CPU
		{2427C79A-0CF9-4372-973E-44570F1F6F49}.Release|Any CPU.Build.0 = Release|Any CPU
		{18D368D6-E0A3-43A4-8E0D-824C49C4E801}.Debug|Any CPU.ActiveCfg = Debug|Any CPU
		{18D368D6-E0A3-43A4-8E0D-824C49C4E801}.Debug|Any CPU.Build.0 = Debug|Any CPU
		{18D368D6-E0A3-43A4-8E0D-824C49C4E801}.Debug|Any CPU.Deploy.0 = Debug|Any CPU
		{18D368D6-E0A3-43A4-8E0D-824C49C4E801}.Release|Any CPU.ActiveCfg = Release|Any CPU
		{18D368D6-E0A3-43A4-8E0D-824C49C4E801}.Release|Any CPU.Build.0 = Release|Any CPU
		{18D368D6-E0A3-43A4-8E0D-824C49C4E801}.Release|Any CPU.Deploy.0 = Release|Any CPU
		{03959FD5-F542-4AC1-B928-8449F6CA5C85}.Debug|Any CPU.ActiveCfg = Debug|Any CPU
		{03959FD5-F542-4AC1-B928-8449F6CA5C85}.Debug|Any CPU.Build.0 = Debug|Any CPU
		{03959FD5-F542-4AC1-B928-8449F6CA5C85}.Release|Any CPU.ActiveCfg = Release|Any CPU
		{03959FD5-F542-4AC1-B928-8449F6CA5C85}.Release|Any CPU.Build.0 = Release|Any CPU
	EndGlobalSection
	GlobalSection(SolutionProperties) = preSolution
		HideSolutionNode = FALSE
	EndGlobalSection
	GlobalSection(ExtensibilityGlobals) = postSolution
		SolutionGuid = {AE373905-E48D-4974-843D-081775472860}
	EndGlobalSection
EndGlobal
