
Microsoft Visual Studio Solution File, Format Version 12.00
# Visual Studio Version 16
VisualStudioVersion = 16.0.31624.102
MinimumVisualStudioVersion = 10.0.40219.1
Project("{FAE04EC0-301F-11D3-BF4B-00C04F79EFBC}") = "FizzBuzz", "FizzBuzz\FizzBuzz.csproj", "{5E05BBE2-C358-404D-89F1-44E4F84C0657}"
EndProject
Project("{FAE04EC0-301F-11D3-BF4B-00C04F79EFBC}") = "FizzBuzzUnitTests", "FizzBuzzUnitTests\FizzBuzzUnitTests.csproj", "{368C8C4A-B10D-4AF6-BB7B-052565E8BDCF}"
EndProject
Project("{FAE04EC0-301F-11D3-BF4B-00C04F79EFBC}") = "LCD", "LCD\LCD.csproj", "{62D2ABAD-3C96-4A05-BC73-802AD8AA24A4}"
EndProject
Project("{FAE04EC0-301F-11D3-BF4B-00C04F79EFBC}") = "LCDUnitTests", "LCDUnitTests\LCDUnitTests.csproj", "{F17CCEC0-9420-472E-A33C-209FF32C2149}"
EndProject
Global
	GlobalSection(SolutionConfigurationPlatforms) = preSolution
		Debug|Any CPU = Debug|Any CPU
		Release|Any CPU = Release|Any CPU
	EndGlobalSection
	GlobalSection(ProjectConfigurationPlatforms) = postSolution
		{5E05BBE2-C358-404D-89F1-44E4F84C0657}.Debug|Any CPU.ActiveCfg = Debug|Any CPU
		{5E05BBE2-C358-404D-89F1-44E4F84C0657}.Debug|Any CPU.Build.0 = Debug|Any CPU
		{5E05BBE2-C358-404D-89F1-44E4F84C0657}.Release|Any CPU.ActiveCfg = Release|Any CPU
		{5E05BBE2-C358-404D-89F1-44E4F84C0657}.Release|Any CPU.Build.0 = Release|Any CPU
		{368C8C4A-B10D-4AF6-BB7B-052565E8BDCF}.Debug|Any CPU.ActiveCfg = Debug|Any CPU
		{368C8C4A-B10D-4AF6-BB7B-052565E8BDCF}.Debug|Any CPU.Build.0 = Debug|Any CPU
		{368C8C4A-B10D-4AF6-BB7B-052565E8BDCF}.Release|Any CPU.ActiveCfg = Release|Any CPU
		{368C8C4A-B10D-4AF6-BB7B-052565E8BDCF}.Release|Any CPU.Build.0 = Release|Any CPU
		{62D2ABAD-3C96-4A05-BC73-802AD8AA24A4}.Debug|Any CPU.ActiveCfg = Debug|Any CPU
		{62D2ABAD-3C96-4A05-BC73-802AD8AA24A4}.Debug|Any CPU.Build.0 = Debug|Any CPU
		{62D2ABAD-3C96-4A05-BC73-802AD8AA24A4}.Release|Any CPU.ActiveCfg = Release|Any CPU
		{62D2ABAD-3C96-4A05-BC73-802AD8AA24A4}.Release|Any CPU.Build.0 = Release|Any CPU
		{F17CCEC0-9420-472E-A33C-209FF32C2149}.Debug|Any CPU.ActiveCfg = Debug|Any CPU
		{F17CCEC0-9420-472E-A33C-209FF32C2149}.Debug|Any CPU.Build.0 = Debug|Any CPU
		{F17CCEC0-9420-472E-A33C-209FF32C2149}.Release|Any CPU.ActiveCfg = Release|Any CPU
		{F17CCEC0-9420-472E-A33C-209FF32C2149}.Release|Any CPU.Build.0 = Release|Any CPU
	EndGlobalSection
	GlobalSection(SolutionProperties) = preSolution
		HideSolutionNode = FALSE
	EndGlobalSection
	GlobalSection(ExtensibilityGlobals) = postSolution
		SolutionGuid = {4EA33F7A-B266-4E3B-A671-3EBBA0B26236}
	EndGlobalSection
EndGlobal
