
Microsoft Visual Studio Solution File, Format Version 12.00
# Visual Studio Version 16
VisualStudioVersion = 16.0.31624.102
MinimumVisualStudioVersion = 10.0.40219.1
Project("{FAE04EC0-301F-11D3-BF4B-00C04F79EFBC}") = "ConsoleApp1", "ConsoleApp1\ConsoleApp1.csproj", "{C256DD23-B1E0-4C8C-B360-82E2ED3F3E7D}"
EndProject
Project("{FAE04EC0-301F-11D3-BF4B-00C04F79EFBC}") = "WindowsFormsApp1", "WindowsFormsApp1\WindowsFormsApp1.csproj", "{2908C41F-DC30-4440-AC3F-B994E1D444E5}"
EndProject
Project("{FAE04EC0-301F-11D3-BF4B-00C04F79EFBC}") = "ClassLibrary1", "ClassLibrary1\ClassLibrary1.csproj", "{E637C524-CB3C-433D-AFEC-317009E28694}"
EndProject
Global
	GlobalSection(SolutionConfigurationPlatforms) = preSolution
		Debug|Any CPU = Debug|Any CPU
		Release|Any CPU = Release|Any CPU
	EndGlobalSection
	GlobalSection(ProjectConfigurationPlatforms) = postSolution
		{C256DD23-B1E0-4C8C-B360-82E2ED3F3E7D}.Debug|Any CPU.ActiveCfg = Debug|Any CPU
		{C256DD23-B1E0-4C8C-B360-82E2ED3F3E7D}.Debug|Any CPU.Build.0 = Debug|Any CPU
		{C256DD23-B1E0-4C8C-B360-82E2ED3F3E7D}.Release|Any CPU.ActiveCfg = Release|Any CPU
		{C256DD23-B1E0-4C8C-B360-82E2ED3F3E7D}.Release|Any CPU.Build.0 = Release|Any CPU
		{2908C41F-DC30-4440-AC3F-B994E1D444E5}.Debug|Any CPU.ActiveCfg = Debug|Any CPU
		{2908C41F-DC30-4440-AC3F-B994E1D444E5}.Debug|Any CPU.Build.0 = Debug|Any CPU
		{2908C41F-DC30-4440-AC3F-B994E1D444E5}.Release|Any CPU.ActiveCfg = Release|Any CPU
		{2908C41F-DC30-4440-AC3F-B994E1D444E5}.Release|Any CPU.Build.0 = Release|Any CPU
		{E637C524-CB3C-433D-AFEC-317009E28694}.Debug|Any CPU.ActiveCfg = Debug|Any CPU
		{E637C524-CB3C-433D-AFEC-317009E28694}.Debug|Any CPU.Build.0 = Debug|Any CPU
		{E637C524-CB3C-433D-AFEC-317009E28694}.Release|Any CPU.ActiveCfg = Release|Any CPU
		{E637C524-CB3C-433D-AFEC-317009E28694}.Release|Any CPU.Build.0 = Release|Any CPU
	EndGlobalSection
	GlobalSection(SolutionProperties) = preSolution
		HideSolutionNode = FALSE
	EndGlobalSection
	GlobalSection(ExtensibilityGlobals) = postSolution
		SolutionGuid = {0ADA68D3-F1C8-4AFA-AE1C-B17606DD1F10}
	EndGlobalSection
EndGlobal
